// !$*UTF8*$!
{
	archiveVersion = 1;
	classes = {
	};
	objectVersion = 46;
	objects = {

/* Begin PBXBuildFile section */
		090D15921B88323900ECFF2A /* main.m in Sources */ = {isa = PBXBuildFile; fileRef = 090D15911B88323900ECFF2A /* main.m */; };
		090D15951B88323900ECFF2A /* AppDelegate.m in Sources */ = {isa = PBXBuildFile; fileRef = 090D15941B88323900ECFF2A /* AppDelegate.m */; };
		090D15981B88323900ECFF2A /* ViewController.m in Sources */ = {isa = PBXBuildFile; fileRef = 090D15971B88323900ECFF2A /* ViewController.m */; };
		090D159B1B88323900ECFF2A /* Main.storyboard in Resources */ = {isa = PBXBuildFile; fileRef = 090D15991B88323900ECFF2A /* Main.storyboard */; };
		090D159D1B88323900ECFF2A /* Images.xcassets in Resources */ = {isa = PBXBuildFile; fileRef = 090D159C1B88323900ECFF2A /* Images.xcassets */; };
		090D15A01B88323900ECFF2A /* LaunchScreen.xib in Resources */ = {isa = PBXBuildFile; fileRef = 090D159E1B88323900ECFF2A /* LaunchScreen.xib */; };
		090D15AC1B88323A00ECFF2A /* PictureSampledTests.m in Sources */ = {isa = PBXBuildFile; fileRef = 090D15AB1B88323A00ECFF2A /* PictureSampledTests.m */; };
/* End PBXBuildFile section */

/* Begin PBXContainerItemProxy section */
		090D15A61B88323A00ECFF2A /* PBXContainerItemProxy */ = {
			isa = PBXContainerItemProxy;
			containerPortal = 090D15841B88323900ECFF2A /* Project object */;
			proxyType = 1;
			remoteGlobalIDString = 090D158B1B88323900ECFF2A;
			remoteInfo = PictureSampled;
		};
/* End PBXContainerItemProxy section */

/* Begin PBXFileReference section */
		090D158C1B88323900ECFF2A /* PictureSampled.app */ = {isa = PBXFileReference; explicitFileType = wrapper.application; includeInIndex = 0; path = PictureSampled.app; sourceTree = BUILT_PRODUCTS_DIR; };
		090D15901B88323900ECFF2A /* Info.plist */ = {isa = PBXFileReference; lastKnownFileType = text.plist.xml; path = Info.plist; sourceTree = "<group>"; };
		090D15911B88323900ECFF2A /* main.m */ = {isa = PBXFileReference; lastKnownFileType = sourcecode.c.objc; path = main.m; sourceTree = "<group>"; };
		090D15931B88323900ECFF2A /* AppDelegate.h */ = {isa = PBXFileReference; lastKnownFileType = sourcecode.c.h; path = AppDelegate.h; sourceTree = "<group>"; };
		090D15941B88323900ECFF2A /* AppDelegate.m */ = {isa = PBXFileReference; lastKnownFileType = sourcecode.c.objc; path = AppDelegate.m; sourceTree = "<group>"; };
		090D15961B88323900ECFF2A /* ViewController.h */ = {isa = PBXFileReference; lastKnownFileType = sourcecode.c.h; path = ViewController.h; sourceTree = "<group>"; };
		090D15971B88323900ECFF2A /* ViewController.m */ = {isa = PBXFileReference; lastKnownFileType = sourcecode.c.objc; path = ViewController.m; sourceTree = "<group>"; };
		090D159A1B88323900ECFF2A /* Base */ = {isa = PBXFileReference; lastKnownFileType = file.storyboard; name = Base; path = Base.lproj/Main.storyboard; sourceTree = "<group>"; };
		090D159C1B88323900ECFF2A /* Images.xcassets */ = {isa = PBXFileReference; lastKnownFileType = folder.assetcatalog; path = Images.xcassets; sourceTree = "<group>"; };
		090D159F1B88323900ECFF2A /* Base */ = {isa = PBXFileReference; lastKnownFileType = file.xib; name = Base; path = Base.lproj/LaunchScreen.xib; sourceTree = "<group>"; };
		090D15A51B88323A00ECFF2A /* PictureSampledTests.xctest */ = {isa = PBXFileReference; explicitFileType = wrapper.cfbundle; includeInIndex = 0; path = PictureSampledTests.xctest; sourceTree = BUILT_PRODUCTS_DIR; };
		090D15AA1B88323A00ECFF2A /* Info.plist */ = {isa = PBXFileReference; lastKnownFileType = text.plist.xml; path = Info.plist; sourceTree = "<group>"; };
		090D15AB1B88323A00ECFF2A /* PictureSampledTests.m */ = {isa = PBXFileReference; lastKnownFileType = sourcecode.c.objc; path = PictureSampledTests.m; sourceTree = "<group>"; };
/* End PBXFileReference section */

/* Begin PBXFrameworksBuildPhase section */
		090D15891B88323900ECFF2A /* Frameworks */ = {
			isa = PBXFrameworksBuildPhase;
			buildActionMask = 2147483647;
			files = (
			);
			runOnlyForDeploymentPostprocessing = 0;
		};
		090D15A21B88323A00ECFF2A /* Frameworks */ = {
			isa = PBXFrameworksBuildPhase;
			buildActionMask = 2147483647;
			files = (
			);
			runOnlyForDeploymentPostprocessing = 0;
		};
/* End PBXFrameworksBuildPhase section */

/* Begin PBXGroup section */
		090D15831B88323900ECFF2A = {
			isa = PBXGroup;
			children = (
				090D158E1B88323900ECFF2A /* PictureSampled */,
				090D15A81B88323A00ECFF2A /* PictureSampledTests */,
				090D158D1B88323900ECFF2A /* Products */,
			);
			sourceTree = "<group>";
		};
		090D158D1B88323900ECFF2A /* Products */ = {
			isa = PBXGroup;
			children = (
				090D158C1B88323900ECFF2A /* PictureSampled.app */,
				090D15A51B88323A00ECFF2A /* PictureSampledTests.xctest */,
			);
			name = Products;
			sourceTree = "<group>";
		};
		090D158E1B88323900ECFF2A /* PictureSampled */ = {
			isa = PBXGroup;
			children = (
				090D15931B88323900ECFF2A /* AppDelegate.h */,
				090D15941B88323900ECFF2A /* AppDelegate.m */,
				090D15961B88323900ECFF2A /* ViewController.h */,
				090D15971B88323900ECFF2A /* ViewController.m */,
				090D15991B88323900ECFF2A /* Main.storyboard */,
				090D159C1B88323900ECFF2A /* Images.xcassets */,
				090D159E1B88323900ECFF2A /* LaunchScreen.xib */,
				090D158F1B88323900ECFF2A /* Supporting Files */,
			);
			path = PictureSampled;
			sourceTree = "<group>";
		};
		090D158F1B88323900ECFF2A /* Supporting Files */ = {
			isa = PBXGroup;
			children = (
				090D15901B88323900ECFF2A /* Info.plist */,
				090D15911B88323900ECFF2A /* main.m */,
			);
			name = "Supporting Files";
			sourceTree = "<group>";
		};
		090D15A81B88323A00ECFF2A /* PictureSampledTests */ = {
			isa = PBXGroup;
			children = (
				090D15AB1B88323A00ECFF2A /* PictureSampledTests.m */,
				090D15A91B88323A00ECFF2A /* Supporting Files */,
			);
			path = PictureSampledTests;
			sourceTree = "<group>";
		};
		090D15A91B88323A00ECFF2A /* Supporting Files */ = {
			isa = PBXGroup;
			children = (
				090D15AA1B88323A00ECFF2A /* Info.plist */,
			);
			name = "Supporting Files";
			sourceTree = "<group>";
		};
/* End PBXGroup section */

/* Begin PBXNativeTarget section */
		090D158B1B88323900ECFF2A /* PictureSampled */ = {
			isa = PBXNativeTarget;
			buildConfigurationList = 090D15AF1B88323A00ECFF2A /* Build configuration list for PBXNativeTarget "PictureSampled" */;
			buildPhases = (
				090D15881B88323900ECFF2A /* Sources */,
				090D15891B88323900ECFF2A /* Frameworks */,
				090D158A1B88323900ECFF2A /* Resources */,
			);
			buildRules = (
			);
			dependencies = (
			);
			name = PictureSampled;
			productName = PictureSampled;
			productReference = 090D158C1B88323900ECFF2A /* PictureSampled.app */;
			productType = "com.apple.product-type.application";
		};
		090D15A41B88323A00ECFF2A /* PictureSampledTests */ = {
			isa = PBXNativeTarget;
			buildConfigurationList = 090D15B21B88323A00ECFF2A /* Build configuration list for PBXNativeTarget "PictureSampledTests" */;
			buildPhases = (
				090D15A11B88323A00ECFF2A /* Sources */,
				090D15A21B88323A00ECFF2A /* Frameworks */,
				090D15A31B88323A00ECFF2A /* Resources */,
			);
			buildRules = (
			);
			dependencies = (
				090D15A71B88323A00ECFF2A /* PBXTargetDependency */,
			);
			name = PictureSampledTests;
			productName = PictureSampledTests;
			productReference = 090D15A51B88323A00ECFF2A /* PictureSampledTests.xctest */;
			productType = "com.apple.product-type.bundle.unit-test";
		};
/* End PBXNativeTarget section */

/* Begin PBXProject section */
		090D15841B88323900ECFF2A /* Project object */ = {
			isa = PBXProject;
			attributes = {
				LastUpgradeCheck = 0630;
				ORGANIZATIONNAME = VKWK;
				TargetAttributes = {
					090D158B1B88323900ECFF2A = {
						CreatedOnToolsVersion = 6.4;
					};
					090D15A41B88323A00ECFF2A = {
						CreatedOnToolsVersion = 6.4;
						TestTargetID = 090D158B1B88323900ECFF2A;
					};
				};
			};
			buildConfigurationList = 090D15871B88323900ECFF2A /* Build configuration list for PBXProject "PictureSampled" */;
			compatibilityVersion = "Xcode 3.2";
			developmentRegion = English;
			hasScannedForEncodings = 0;
			knownRegions = (
				en,
				Base,
			);
			mainGroup = 090D15831B88323900ECFF2A;
			productRefGroup = 090D158D1B88323900ECFF2A /* Products */;
			projectDirPath = "";
			projectRoot = "";
			targets = (
				090D158B1B88323900ECFF2A /* PictureSampled */,
				090D15A41B88323A00ECFF2A /* PictureSampledTests */,
			);
		};
/* End PBXProject section */

/* Begin PBXResourcesBuildPhase section */
		090D158A1B88323900ECFF2A /* Resources */ = {
			isa = PBXResourcesBuildPhase;
			buildActionMask = 2147483647;
			files = (
				090D159B1B88323900ECFF2A /* Main.storyboard in Resources */,
				090D15A01B88323900ECFF2A /* LaunchScreen.xib in Resources */,
				090D159D1B88323900ECFF2A /* Images.xcassets in Resources */,
			);
			runOnlyForDeploymentPostprocessing = 0;
		};
		090D15A31B88323A00ECFF2A /* Resources */ = {
			isa = PBXResourcesBuildPhase;
			buildActionMask = 2147483647;
			files = (
			);
			runOnlyForDeploymentPostprocessing = 0;
		};
/* End PBXResourcesBuildPhase section */

/* Begin PBXSourcesBuildPhase section */
		090D15881B88323900ECFF2A /* Sources */ = {
			isa = PBXSourcesBuildPhase;
			buildActionMask = 2147483647;
			files = (
				090D15981B88323900ECFF2A /* ViewController.m in Sources */,
				090D15951B88323900ECFF2A /* AppDelegate.m in Sources */,
				090D15921B88323900ECFF2A /* main.m in Sources */,
			);
			runOnlyForDeploymentPostprocessing = 0;
		};
		090D15A11B88323A00ECFF2A /* Sources */ = {
			isa = PBXSourcesBuildPhase;
			buildActionMask = 2147483647;
			files = (
				090D15AC1B88323A00ECFF2A /* PictureSampledTests.m in Sources */,
			);
			runOnlyForDeploymentPostprocessing = 0;
		};
/* End PBXSourcesBuildPhase section */

/* Begin PBXTargetDependency section */
		090D15A71B88323A00ECFF2A /* PBXTargetDependency */ = {
			isa = PBXTargetDependency;
			target = 090D158B1B88323900ECFF2A /* PictureSampled */;
			targetProxy = 090D15A61B88323A00ECFF2A /* PBXContainerItemProxy */;
		};
/* End PBXTargetDependency section */

/* Begin PBXVariantGroup section */
		090D15991B88323900ECFF2A /* Main.storyboard */ = {
			isa = PBXVariantGroup;
			children = (
				090D159A1B88323900ECFF2A /* Base */,
			);
			name = Main.storyboard;
			sourceTree = "<group>";
		};
		090D159E1B88323900ECFF2A /* LaunchScreen.xib */ = {
			isa = PBXVariantGroup;
			children = (
				090D159F1B88323900ECFF2A /* Base */,
			);
			name = LaunchScreen.xib;
			sourceTree = "<group>";
		};
/* End PBXVariantGroup section */

/* Begin XCBuildConfiguration section */
		090D15AD1B88323A00ECFF2A /* Debug */ = {
			isa = XCBuildConfiguration;
			buildSettings = {
				ALWAYS_SEARCH_USER_PATHS = NO;
				CLANG_CXX_LANGUAGE_STANDARD = "gnu++0x";
				CLANG_CXX_LIBRARY = "libc++";
				CLANG_ENABLE_MODULES = YES;
				CLANG_ENABLE_OBJC_ARC = YES;
				CLANG_WARN_BOOL_CONVERSION = YES;
				CLANG_WARN_CONSTANT_CONVERSION = YES;
				CLANG_WARN_DIRECT_OBJC_ISA_USAGE = YES_ERROR;
				CLANG_WARN_EMPTY_BODY = YES;
				CLANG_WARN_ENUM_CONVERSION = YES;
				CLANG_WARN_INT_CONVERSION = YES;
				CLANG_WARN_OBJC_ROOT_CLASS = YES_ERROR;
				CLANG_WARN_UNREACHABLE_CODE = YES;
				CLANG_WARN__DUPLICATE_METHOD_MATCH = YES;
				"CODE_SIGN_IDENTITY[sdk=iphoneos*]" = "iPhone Developer";
				COPY_PHASE_STRIP = NO;
				DEBUG_INFORMATION_FORMAT = "dwarf-with-dsym";
				ENABLE_STRICT_OBJC_MSGSEND = YES;
				GCC_C_LANGUAGE_STANDARD = gnu99;
				GCC_DYNAMIC_NO_PIC = NO;
				GCC_NO_COMMON_BLOCKS = YES;
				GCC_OPTIMIZATION_LEVEL = 0;
				GCC_PREPROCESSOR_DEFINITIONS = (
					"DEBUG=1",
					"$(inherited)",
				);
				GCC_SYMBOLS_PRIVATE_EXTERN = NO;
				GCC_WARN_64_TO_32_BIT_CONVERSION = YES;
				GCC_WARN_ABOUT_RETURN_TYPE = YES_ERROR;
				GCC_WARN_UNDECLARED_SELECTOR = YES;
				GCC_WARN_UNINITIALIZED_AUTOS = YES_AGGRESSIVE;
				GCC_WARN_UNUSED_FUNCTION = YES;
				GCC_WARN_UNUSED_VARIABLE = YES;
				IPHONEOS_DEPLOYMENT_TARGET = 8.4;
				MTL_ENABLE_DEBUG_INFO = YES;
				ONLY_ACTIVE_ARCH = YES;
				SDKROOT = iphoneos;
				TARGETED_DEVICE_FAMILY = "1,2";
			};
			name = Debug;
		};
		090D15AE1B88323A00ECFF2A /* Release */ = {
			isa = XCBuildConfiguration;
			buildSettings = {
				ALWAYS_SEARCH_USER_PATHS = NO;
				CLANG_CXX_LANGUAGE_STANDARD = "gnu++0x";
				CLANG_CXX_LIBRARY = "libc++";
				CLANG_ENABLE_MODULES = YES;
				CLANG_ENABLE_OBJC_ARC = YES;
				CLANG_WARN_BOOL_CONVERSION = YES;
				CLANG_WARN_CONSTANT_CONVERSION = YES;
				CLANG_WARN_DIRECT_OBJC_ISA_USAGE = YES_ERROR;
				CLANG_WARN_EMPTY_BODY = YES;
				CLANG_WARN_ENUM_CONVERSION = YES;
				CLANG_WARN_INT_CONVERSION = YES;
				CLANG_WARN_OBJC_ROOT_CLASS = YES_ERROR;
				CLANG_WARN_UNREACHABLE_CODE = YES;
				CLANG_WARN__DUPLICATE_METHOD_MATCH = YES;
				"CODE_SIGN_IDENTITY[sdk=iphoneos*]" = "iPhone Developer";
				COPY_PHASE_STRIP = NO;
				DEBUG_INFORMATION_FORMAT = "dwarf-with-dsym";
				ENABLE_NS_ASSERTIONS = NO;
				ENABLE_STRICT_OBJC_MSGSEND = YES;
				GCC_C_LANGUAGE_STANDARD = gnu99;
				GCC_NO_COMMON_BLOCKS = YES;
				GCC_WARN_64_TO_32_BIT_CONVERSION = YES;
				GCC_WARN_ABOUT_RETURN_TYPE = YES_ERROR;
				GCC_WARN_UNDECLARED_SELECTOR = YES;
				GCC_WARN_UNINITIALIZED_AUTOS = YES_AGGRESSIVE;
				GCC_WARN_UNUSED_FUNCTION = YES;
				GCC_WARN_UNUSED_VARIABLE = YES;
				IPHONEOS_DEPLOYMENT_TARGET = 8.4;
				MTL_ENABLE_DEBUG_INFO = NO;
				SDKROOT = iphoneos;
				TARGETED_DEVICE_FAMILY = "1,2";
				VALIDATE_PRODUCT = YES;
			};
			name = Release;
		};
		090D15B01B88323A00ECFF2A /* Debug */ = {
			isa = XCBuildConfiguration;
			buildSettings = {
				ASSETCATALOG_COMPILER_APPICON_NAME = AppIcon;
				INFOPLIST_FILE = PictureSampled/Info.plist;
				LD_RUNPATH_SEARCH_PATHS = "$(inherited) @executable_path/Frameworks";
				PRODUCT_NAME = "$(TARGET_NAME)";
			};
			name = Debug;
		};
		090D15B11B88323A00ECFF2A /* Release */ = {
			isa = XCBuildConfiguration;
			buildSettings = {
				ASSETCATALOG_COMPILER_APPICON_NAME = AppIcon;
				INFOPLIST_FILE = PictureSampled/Info.plist;
				LD_RUNPATH_SEARCH_PATHS = "$(inherited) @executable_path/Frameworks";
				PRODUCT_NAME = "$(TARGET_NAME)";
			};
			name = Release;
		};
		090D15B31B88323A00ECFF2A /* Debug */ = {
			isa = XCBuildConfiguration;
			buildSettings = {
				BUNDLE_LOADER = "$(TEST_HOST)";
				FRAMEWORK_SEARCH_PATHS = (
					"$(SDKROOT)/Developer/Library/Frameworks",
					"$(inherited)",
				);
				GCC_PREPROCESSOR_DEFINITIONS = (
					"DEBUG=1",
					"$(inherited)",
				);
				INFOPLIST_FILE = PictureSampledTests/Info.plist;
				LD_RUNPATH_SEARCH_PATHS = "$(inherited) @executable_path/Frameworks @loader_path/Frameworks";
				PRODUCT_NAME = "$(TARGET_NAME)";
				TEST_HOST = "$(BUILT_PRODUCTS_DIR)/PictureSampled.app/PictureSampled";
			};
			name = Debug;
		};
		090D15B41B88323A00ECFF2A /* Release */ = {
			isa = XCBuildConfiguration;
			buildSettings = {
				BUNDLE_LOADER = "$(TEST_HOST)";
				FRAMEWORK_SEARCH_PATHS = (
					"$(SDKROOT)/Developer/Library/Frameworks",
					"$(inherited)",
				);
				INFOPLIST_FILE = PictureSampledTests/Info.plist;
				LD_RUNPATH_SEARCH_PATHS = "$(inherited) @executable_path/Frameworks @loader_path/Frameworks";
				PRODUCT_NAME = "$(TARGET_NAME)";
				TEST_HOST = "$(BUILT_PRODUCTS_DIR)/PictureSampled.app/PictureSampled";
			};
			name = Release;
		};
/* End XCBuildConfiguration section */

/* Begin XCConfigurationList section */
		090D15871B88323900ECFF2A /* Build configuration list for PBXProject "PictureSampled" */ = {
			isa = XCConfigurationList;
			buildConfigurations = (
				090D15AD1B88323A00ECFF2A /* Debug */,
				090D15AE1B88323A00ECFF2A /* Release */,
			);
			defaultConfigurationIsVisible = 0;
			defaultConfigurationName = Release;
		};
		090D15AF1B88323A00ECFF2A /* Build configuration list for PBXNativeTarget "PictureSampled" */ = {
			isa = XCConfigurationList;
			buildConfigurations = (
				090D15B01B88323A00ECFF2A /* Debug */,
				090D15B11B88323A00ECFF2A /* Release */,
			);
			defaultConfigurationIsVisible = 0;
		};
		090D15B21B88323A00ECFF2A /* Build configuration list for PBXNativeTarget "PictureSampledTests" */ = {
			isa = XCConfigurationList;
			buildConfigurations = (
				090D15B31B88323A00ECFF2A /* Debug */,
				090D15B41B88323A00ECFF2A /* Release */,
			);
			defaultConfigurationIsVisible = 0;
		};
/* End XCConfigurationList section */
	};
	rootObject = 090D15841B88323900ECFF2A /* Project object */;
}
