// !$*UTF8*$!
{
	archiveVersion = 1;
	classes = {
	};
	objectVersion = 46;
	objects = {

/* Begin PBXBuildFile section */
		090D15921B88323900ECFF2A /* main.m in Sources */ = {isa = PBXBuildFile; fileRef = 090D15911B88323900ECFF2A /* main.m */; };
		090D15951B88323900ECFF2A /* AppDelegate.m in Sources */ = {isa = PBXBuildFile; fileRef = 090D15941B88323900ECFF2A /* AppDelegate.m */; };
		090D15981B88323900ECFF2A /* ViewController.m in Sources */ = {isa = PBXBuildFile; fileRef = 090D15971B88323900ECFF2A /* ViewController.m */; };
		090D159B1B88323900ECFF2A /* Main.storyboard in Resources */ = {isa = PBXBuildFile; fileRef = 090D15991B88323900ECFF2A /* Main.storyboard */; };
		090D159D1B88323900ECFF2A /* Images.xcassets in Resources */ = {isa = PBXBuildFile; fileRef = 090D159C1B88323900ECFF2A /* Images.xcassets */; };
		090D15A01B88323900ECFF2A /* LaunchScreen.xib in Resources */ = {isa = PBXBuildFile; fileRef = 090D159E1B88323900ECFF2A /* LaunchScreen.xib */; };
		090D15AC1B88323A00ECFF2A /* PictureSampledTests.m in Sources */ = {isa = PBXBuildFile; fileRef = 090D15AB1B88323A00ECFF2A /* PictureSampledTests.m */; };
		090D15EF1B8868F500ECFF2A /* VKSamplePicture.m in Sources */ = {isa = PBXBuildFile; fileRef = 090D15EE1B8868F500ECFF2A /* VKSamplePicture.m */; };
		090D160B1B88694900ECFF2A /* da.png in Resources */ = {isa = PBXBuildFile; fileRef = 090D15F11B88694800ECFF2A /* da.png */; };
		090D160C1B88694900ECFF2A /* xuan.png in Resources */ = {isa = PBXBuildFile; fileRef = 090D15F21B88694800ECFF2A /* xuan.png */; };
		090D160D1B88694900ECFF2A /* test3.png in Resources */ = {isa = PBXBuildFile; fileRef = 090D15F31B88694800ECFF2A /* test3.png */; };
		090D160E1B88694900ECFF2A /* test1.png in Resources */ = {isa = PBXBuildFile; fileRef = 090D15F41B88694800ECFF2A /* test1.png */; };
		090D160F1B88694900ECFF2A /* test2.png in Resources */ = {isa = PBXBuildFile; fileRef = 090D15F51B88694800ECFF2A /* test2.png */; };
		090D16101B88694900ECFF2A /* blue in Resources */ = {isa = PBXBuildFile; fileRef = 090D15F61B88694800ECFF2A /* blue */; };
		090D16111B88694900ECFF2A /* green in Resources */ = {isa = PBXBuildFile; fileRef = 090D15F71B88694800ECFF2A /* green */; };
		090D16121B88694900ECFF2A /* red in Resources */ = {isa = PBXBuildFile; fileRef = 090D15F81B88694800ECFF2A /* red */; };
		090D16131B88694900ECFF2A /* white in Resources */ = {isa = PBXBuildFile; fileRef = 090D15F91B88694800ECFF2A /* white */; };
		090D16141B88694900ECFF2A /* yellow in Resources */ = {isa = PBXBuildFile; fileRef = 090D15FA1B88694800ECFF2A /* yellow */; };
		090D16151B88694900ECFF2A /* 02.png in Resources */ = {isa = PBXBuildFile; fileRef = 090D15FB1B88694800ECFF2A /* 02.png */; };
		090D16161B88694900ECFF2A /* 05.png in Resources */ = {isa = PBXBuildFile; fileRef = 090D15FC1B88694800ECFF2A /* 05.png */; };
		090D16171B88694900ECFF2A /* 13.png in Resources */ = {isa = PBXBuildFile; fileRef = 090D15FD1B88694800ECFF2A /* 13.png */; };
		090D16181B88694900ECFF2A /* 14.png in Resources */ = {isa = PBXBuildFile; fileRef = 090D15FE1B88694800ECFF2A /* 14.png */; };
		090D16191B88694900ECFF2A /* 03.png in Resources */ = {isa = PBXBuildFile; fileRef = 090D15FF1B88694800ECFF2A /* 03.png */; };
		090D161A1B88694900ECFF2A /* 11.png in Resources */ = {isa = PBXBuildFile; fileRef = 090D16001B88694800ECFF2A /* 11.png */; };
		090D161B1B88694900ECFF2A /* 04.png in Resources */ = {isa = PBXBuildFile; fileRef = 090D16011B88694800ECFF2A /* 04.png */; };
		090D161C1B88694900ECFF2A /* 01.png in Resources */ = {isa = PBXBuildFile; fileRef = 090D16021B88694800ECFF2A /* 01.png */; };
		090D161D1B88694900ECFF2A /* 10.png in Resources */ = {isa = PBXBuildFile; fileRef = 090D16031B88694900ECFF2A /* 10.png */; };
		090D161E1B88694900ECFF2A /* 06.png in Resources */ = {isa = PBXBuildFile; fileRef = 090D16041B88694900ECFF2A /* 06.png */; };
		090D161F1B88694900ECFF2A /* 07.png in Resources */ = {isa = PBXBuildFile; fileRef = 090D16051B88694900ECFF2A /* 07.png */; };
		090D16201B88694900ECFF2A /* 08.png in Resources */ = {isa = PBXBuildFile; fileRef = 090D16061B88694900ECFF2A /* 08.png */; };
		090D16211B88694900ECFF2A /* 09.png in Resources */ = {isa = PBXBuildFile; fileRef = 090D16071B88694900ECFF2A /* 09.png */; };
		090D16221B88694900ECFF2A /* 15.png in Resources */ = {isa = PBXBuildFile; fileRef = 090D16081B88694900ECFF2A /* 15.png */; };
		090D16231B88694900ECFF2A /* 12.png in Resources */ = {isa = PBXBuildFile; fileRef = 090D16091B88694900ECFF2A /* 12.png */; };
		090D16241B88694900ECFF2A /* 16.jpg in Resources */ = {isa = PBXBuildFile; fileRef = 090D160A1B88694900ECFF2A /* 16.jpg */; };
		090D16261B88699000ECFF2A /* lun.png in Resources */ = {isa = PBXBuildFile; fileRef = 090D16251B88699000ECFF2A /* lun.png */; };
/* End PBXBuildFile section */

/* Begin PBXContainerItemProxy section */
		090D15A61B88323A00ECFF2A /* PBXContainerItemProxy */ = {
			isa = PBXContainerItemProxy;
			containerPortal = 090D15841B88323900ECFF2A /* Project object */;
			proxyType = 1;
			remoteGlobalIDString = 090D158B1B88323900ECFF2A;
			remoteInfo = PictureSampled;
		};
/* End PBXContainerItemProxy section */

/* Begin PBXFileReference section */
		090D158C1B88323900ECFF2A /* PictureSampled.app */ = {isa = PBXFileReference; explicitFileType = wrapper.application; includeInIndex = 0; path = PictureSampled.app; sourceTree = BUILT_PRODUCTS_DIR; };
		090D15901B88323900ECFF2A /* Info.plist */ = {isa = PBXFileReference; lastKnownFileType = text.plist.xml; path = Info.plist; sourceTree = "<group>"; };
		090D15911B88323900ECFF2A /* main.m */ = {isa = PBXFileReference; lastKnownFileType = sourcecode.c.objc; path = main.m; sourceTree = "<group>"; };
		090D15931B88323900ECFF2A /* AppDelegate.h */ = {isa = PBXFileReference; lastKnownFileType = sourcecode.c.h; path = AppDelegate.h; sourceTree = "<group>"; };
		090D15941B88323900ECFF2A /* AppDelegate.m */ = {isa = PBXFileReference; lastKnownFileType = sourcecode.c.objc; path = AppDelegate.m; sourceTree = "<group>"; };
		090D15961B88323900ECFF2A /* ViewController.h */ = {isa = PBXFileReference; lastKnownFileType = sourcecode.c.h; path = ViewController.h; sourceTree = "<group>"; };
		090D15971B88323900ECFF2A /* ViewController.m */ = {isa = PBXFileReference; lastKnownFileType = sourcecode.c.objc; path = ViewController.m; sourceTree = "<group>"; };
		090D159A1B88323900ECFF2A /* Base */ = {isa = PBXFileReference; lastKnownFileType = file.storyboard; name = Base; path = Base.lproj/Main.storyboard; sourceTree = "<group>"; };
		090D159C1B88323900ECFF2A /* Images.xcassets */ = {isa = PBXFileReference; lastKnownFileType = folder.assetcatalog; path = Images.xcassets; sourceTree = "<group>"; };
		090D159F1B88323900ECFF2A /* Base */ = {isa = PBXFileReference; lastKnownFileType = file.xib; name = Base; path = Base.lproj/LaunchScreen.xib; sourceTree = "<group>"; };
		090D15A51B88323A00ECFF2A /* PictureSampledTests.xctest */ = {isa = PBXFileReference; explicitFileType = wrapper.cfbundle; includeInIndex = 0; path = PictureSampledTests.xctest; sourceTree = BUILT_PRODUCTS_DIR; };
		090D15AA1B88323A00ECFF2A /* Info.plist */ = {isa = PBXFileReference; lastKnownFileType = text.plist.xml; path = Info.plist; sourceTree = "<group>"; };
		090D15AB1B88323A00ECFF2A /* PictureSampledTests.m */ = {isa = PBXFileReference; lastKnownFileType = sourcecode.c.objc; path = PictureSampledTests.m; sourceTree = "<group>"; };
		090D15ED1B8868F400ECFF2A /* VKSamplePicture.h */ = {isa = PBXFileReference; fileEncoding = 4; lastKnownFileType = sourcecode.c.h; name = VKSamplePicture.h; path = SamplePicture/VKSamplePicture.h; sourceTree = "<group>"; };
		090D15EE1B8868F500ECFF2A /* VKSamplePicture.m */ = {isa = PBXFileReference; fileEncoding = 4; lastKnownFileType = sourcecode.c.objc; name = VKSamplePicture.m; path = SamplePicture/VKSamplePicture.m; sourceTree = "<group>"; };
		090D15F11B88694800ECFF2A /* da.png */ = {isa = PBXFileReference; lastKnownFileType = image.png; name = da.png; path = DemoPic/da.png; sourceTree = "<group>"; };
		090D15F21B88694800ECFF2A /* xuan.png */ = {isa = PBXFileReference; lastKnownFileType = image.png; name = xuan.png; path = DemoPic/xuan.png; sourceTree = "<group>"; };
		090D15F31B88694800ECFF2A /* test3.png */ = {isa = PBXFileReference; lastKnownFileType = image.png; name = test3.png; path = DemoPic/test3.png; sourceTree = "<group>"; };
		090D15F41B88694800ECFF2A /* test1.png */ = {isa = PBXFileReference; lastKnownFileType = image.png; name = test1.png; path = DemoPic/test1.png; sourceTree = "<group>"; };
		090D15F51B88694800ECFF2A /* test2.png */ = {isa = PBXFileReference; lastKnownFileType = image.png; name = test2.png; path = DemoPic/test2.png; sourceTree = "<group>"; };
		090D15F61B88694800ECFF2A /* blue */ = {isa = PBXFileReference; lastKnownFileType = file; name = blue; path = DemoPic/blue; sourceTree = "<group>"; };
		090D15F71B88694800ECFF2A /* green */ = {isa = PBXFileReference; lastKnownFileType = file; name = green; path = DemoPic/green; sourceTree = "<group>"; };
		090D15F81B88694800ECFF2A /* red */ = {isa = PBXFileReference; lastKnownFileType = file; name = red; path = DemoPic/red; sourceTree = "<group>"; };
		090D15F91B88694800ECFF2A /* white */ = {isa = PBXFileReference; lastKnownFileType = file; name = white; path = DemoPic/white; sourceTree = "<group>"; };
		090D15FA1B88694800ECFF2A /* yellow */ = {isa = PBXFileReference; lastKnownFileType = file; name = yellow; path = DemoPic/yellow; sourceTree = "<group>"; };
		090D15FB1B88694800ECFF2A /* 02.png */ = {isa = PBXFileReference; lastKnownFileType = image.png; name = 02.png; path = DemoPic/02.png; sourceTree = "<group>"; };
		090D15FC1B88694800ECFF2A /* 05.png */ = {isa = PBXFileReference; lastKnownFileType = image.png; name = 05.png; path = DemoPic/05.png; sourceTree = "<group>"; };
		090D15FD1B88694800ECFF2A /* 13.png */ = {isa = PBXFileReference; lastKnownFileType = image.png; name = 13.png; path = DemoPic/13.png; sourceTree = "<group>"; };
		090D15FE1B88694800ECFF2A /* 14.png */ = {isa = PBXFileReference; lastKnownFileType = image.png; name = 14.png; path = DemoPic/14.png; sourceTree = "<group>"; };
		090D15FF1B88694800ECFF2A /* 03.png */ = {isa = PBXFileReference; lastKnownFileType = image.png; name = 03.png; path = DemoPic/03.png; sourceTree = "<group>"; };
		090D16001B88694800ECFF2A /* 11.png */ = {isa = PBXFileReference; lastKnownFileType = image.png; name = 11.png; path = DemoPic/11.png; sourceTree = "<group>"; };
		090D16011B88694800ECFF2A /* 04.png */ = {isa = PBXFileReference; lastKnownFileType = image.png; name = 04.png; path = DemoPic/04.png; sourceTree = "<group>"; };
		090D16021B88694800ECFF2A /* 01.png */ = {isa = PBXFileReference; lastKnownFileType = image.png; name = 01.png; path = DemoPic/01.png; sourceTree = "<group>"; };
		090D16031B88694900ECFF2A /* 10.png */ = {isa = PBXFileReference; lastKnownFileType = image.png; name = 10.png; path = DemoPic/10.png; sourceTree = "<group>"; };
		090D16041B88694900ECFF2A /* 06.png */ = {isa = PBXFileReference; lastKnownFileType = image.png; name = 06.png; path = DemoPic/06.png; sourceTree = "<group>"; };
		090D16051B88694900ECFF2A /* 07.png */ = {isa = PBXFileReference; lastKnownFileType = image.png; name = 07.png; path = DemoPic/07.png; sourceTree = "<group>"; };
		090D16061B88694900ECFF2A /* 08.png */ = {isa = PBXFileReference; lastKnownFileType = image.png; name = 08.png; path = DemoPic/08.png; sourceTree = "<group>"; };
		090D16071B88694900ECFF2A /* 09.png */ = {isa = PBXFileReference; lastKnownFileType = image.png; name = 09.png; path = DemoPic/09.png; sourceTree = "<group>"; };
		090D16081B88694900ECFF2A /* 15.png */ = {isa = PBXFileReference; lastKnownFileType = image.png; name = 15.png; path = DemoPic/15.png; sourceTree = "<group>"; };
		090D16091B88694900ECFF2A /* 12.png */ = {isa = PBXFileReference; lastKnownFileType = image.png; name = 12.png; path = DemoPic/12.png; sourceTree = "<group>"; };
		090D160A1B88694900ECFF2A /* 16.jpg */ = {isa = PBXFileReference; lastKnownFileType = image.jpeg; name = 16.jpg; path = DemoPic/16.jpg; sourceTree = "<group>"; };
		090D16251B88699000ECFF2A /* lun.png */ = {isa = PBXFileReference; lastKnownFileType = image.png; path = lun.png; sourceTree = "<group>"; };
/* End PBXFileReference section */

/* Begin PBXFrameworksBuildPhase section */
		090D15891B88323900ECFF2A /* Frameworks */ = {
			isa = PBXFrameworksBuildPhase;
			buildActionMask = 2147483647;
			files = (
			);
			runOnlyForDeploymentPostprocessing = 0;
		};
		090D15A21B88323A00ECFF2A /* Frameworks */ = {
			isa = PBXFrameworksBuildPhase;
			buildActionMask = 2147483647;
			files = (
			);
			runOnlyForDeploymentPostprocessing = 0;
		};
/* End PBXFrameworksBuildPhase section */

/* Begin PBXGroup section */
		090D15831B88323900ECFF2A = {
			isa = PBXGroup;
			children = (
				090D158E1B88323900ECFF2A /* PictureSampled */,
				090D15A81B88323A00ECFF2A /* PictureSampledTests */,
				090D158D1B88323900ECFF2A /* Products */,
			);
			sourceTree = "<group>";
		};
		090D158D1B88323900ECFF2A /* Products */ = {
			isa = PBXGroup;
			children = (
				090D158C1B88323900ECFF2A /* PictureSampled.app */,
				090D15A51B88323A00ECFF2A /* PictureSampledTests.xctest */,
			);
			name = Products;
			sourceTree = "<group>";
		};
		090D158E1B88323900ECFF2A /* PictureSampled */ = {
			isa = PBXGroup;
			children = (
				090D15F01B88692B00ECFF2A /* Resource */,
				090D15EC1B8868E800ECFF2A /* Class */,
				090D15931B88323900ECFF2A /* AppDelegate.h */,
				090D15941B88323900ECFF2A /* AppDelegate.m */,
				090D15961B88323900ECFF2A /* ViewController.h */,
				090D15971B88323900ECFF2A /* ViewController.m */,
				090D15991B88323900ECFF2A /* Main.storyboard */,
				090D159C1B88323900ECFF2A /* Images.xcassets */,
				090D159E1B88323900ECFF2A /* LaunchScreen.xib */,
				090D158F1B88323900ECFF2A /* Supporting Files */,
			);
			path = PictureSampled;
			sourceTree = "<group>";
		};
		090D158F1B88323900ECFF2A /* Supporting Files */ = {
			isa = PBXGroup;
			children = (
				090D15901B88323900ECFF2A /* Info.plist */,
				090D15911B88323900ECFF2A /* main.m */,
			);
			name = "Supporting Files";
			sourceTree = "<group>";
		};
		090D15A81B88323A00ECFF2A /* PictureSampledTests */ = {
			isa = PBXGroup;
			children = (
				090D15AB1B88323A00ECFF2A /* PictureSampledTests.m */,
				090D15A91B88323A00ECFF2A /* Supporting Files */,
			);
			path = PictureSampledTests;
			sourceTree = "<group>";
		};
		090D15A91B88323A00ECFF2A /* Supporting Files */ = {
			isa = PBXGroup;
			children = (
				090D15AA1B88323A00ECFF2A /* Info.plist */,
			);
			name = "Supporting Files";
			sourceTree = "<group>";
		};
		090D15EC1B8868E800ECFF2A /* Class */ = {
			isa = PBXGroup;
			children = (
				090D15ED1B8868F400ECFF2A /* VKSamplePicture.h */,
				090D15EE1B8868F500ECFF2A /* VKSamplePicture.m */,
			);
			name = Class;
			sourceTree = "<group>";
		};
		090D15F01B88692B00ECFF2A /* Resource */ = {
			isa = PBXGroup;
			children = (
				090D16251B88699000ECFF2A /* lun.png */,
				090D15F11B88694800ECFF2A /* da.png */,
				090D15F21B88694800ECFF2A /* xuan.png */,
				090D15F31B88694800ECFF2A /* test3.png */,
				090D15F41B88694800ECFF2A /* test1.png */,
				090D15F51B88694800ECFF2A /* test2.png */,
				090D15F61B88694800ECFF2A /* blue */,
				090D15F71B88694800ECFF2A /* green */,
				090D15F81B88694800ECFF2A /* red */,
				090D15F91B88694800ECFF2A /* white */,
				090D15FA1B88694800ECFF2A /* yellow */,
				090D15FB1B88694800ECFF2A /* 02.png */,
				090D15FC1B88694800ECFF2A /* 05.png */,
				090D15FD1B88694800ECFF2A /* 13.png */,
				090D15FE1B88694800ECFF2A /* 14.png */,
				090D15FF1B88694800ECFF2A /* 03.png */,
				090D16001B88694800ECFF2A /* 11.png */,
				090D16011B88694800ECFF2A /* 04.png */,
				090D16021B88694800ECFF2A /* 01.png */,
				090D16031B88694900ECFF2A /* 10.png */,
				090D16041B88694900ECFF2A /* 06.png */,
				090D16051B88694900ECFF2A /* 07.png */,
				090D16061B88694900ECFF2A /* 08.png */,
				090D16071B88694900ECFF2A /* 09.png */,
				090D16081B88694900ECFF2A /* 15.png */,
				090D16091B88694900ECFF2A /* 12.png */,
				090D160A1B88694900ECFF2A /* 16.jpg */,
			);
			name = Resource;
			sourceTree = "<group>";
		};
/* End PBXGroup section */

/* Begin PBXNativeTarget section */
		090D158B1B88323900ECFF2A /* PictureSampled */ = {
			isa = PBXNativeTarget;
			buildConfigurationList = 090D15AF1B88323A00ECFF2A /* Build configuration list for PBXNativeTarget "PictureSampled" */;
			buildPhases = (
				090D15881B88323900ECFF2A /* Sources */,
				090D15891B88323900ECFF2A /* Frameworks */,
				090D158A1B88323900ECFF2A /* Resources */,
			);
			buildRules = (
			);
			dependencies = (
			);
			name = PictureSampled;
			productName = PictureSampled;
			productReference = 090D158C1B88323900ECFF2A /* PictureSampled.app */;
			productType = "com.apple.product-type.application";
		};
		090D15A41B88323A00ECFF2A /* PictureSampledTests */ = {
			isa = PBXNativeTarget;
			buildConfigurationList = 090D15B21B88323A00ECFF2A /* Build configuration list for PBXNativeTarget "PictureSampledTests" */;
			buildPhases = (
				090D15A11B88323A00ECFF2A /* Sources */,
				090D15A21B88323A00ECFF2A /* Frameworks */,
				090D15A31B88323A00ECFF2A /* Resources */,
			);
			buildRules = (
			);
			dependencies = (
				090D15A71B88323A00ECFF2A /* PBXTargetDependency */,
			);
			name = PictureSampledTests;
			productName = PictureSampledTests;
			productReference = 090D15A51B88323A00ECFF2A /* PictureSampledTests.xctest */;
			productType = "com.apple.product-type.bundle.unit-test";
		};
/* End PBXNativeTarget section */

/* Begin PBXProject section */
		090D15841B88323900ECFF2A /* Project object */ = {
			isa = PBXProject;
			attributes = {
				LastUpgradeCheck = 0630;
				ORGANIZATIONNAME = VKWK;
				TargetAttributes = {
					090D158B1B88323900ECFF2A = {
						CreatedOnToolsVersion = 6.4;
					};
					090D15A41B88323A00ECFF2A = {
						CreatedOnToolsVersion = 6.4;
						TestTargetID = 090D158B1B88323900ECFF2A;
					};
				};
			};
			buildConfigurationList = 090D15871B88323900ECFF2A /* Build configuration list for PBXProject "PictureSampled" */;
			compatibilityVersion = "Xcode 3.2";
			developmentRegion = English;
			hasScannedForEncodings = 0;
			knownRegions = (
				en,
				Base,
			);
			mainGroup = 090D15831B88323900ECFF2A;
			productRefGroup = 090D158D1B88323900ECFF2A /* Products */;
			projectDirPath = "";
			projectRoot = "";
			targets = (
				090D158B1B88323900ECFF2A /* PictureSampled */,
				090D15A41B88323A00ECFF2A /* PictureSampledTests */,
			);
		};
/* End PBXProject section */

/* Begin PBXResourcesBuildPhase section */
		090D158A1B88323900ECFF2A /* Resources */ = {
			isa = PBXResourcesBuildPhase;
			buildActionMask = 2147483647;
			files = (
				090D16221B88694900ECFF2A /* 15.png in Resources */,
				090D16211B88694900ECFF2A /* 09.png in Resources */,
				090D161F1B88694900ECFF2A /* 07.png in Resources */,
				090D16141B88694900ECFF2A /* yellow in Resources */,
				090D159B1B88323900ECFF2A /* Main.storyboard in Resources */,
				090D160C1B88694900ECFF2A /* xuan.png in Resources */,
				090D16151B88694900ECFF2A /* 02.png in Resources */,
				090D16241B88694900ECFF2A /* 16.jpg in Resources */,
				090D15A01B88323900ECFF2A /* LaunchScreen.xib in Resources */,
				090D161B1B88694900ECFF2A /* 04.png in Resources */,
				090D161C1B88694900ECFF2A /* 01.png in Resources */,
				090D16161B88694900ECFF2A /* 05.png in Resources */,
				090D160B1B88694900ECFF2A /* da.png in Resources */,
				090D159D1B88323900ECFF2A /* Images.xcassets in Resources */,
				090D161A1B88694900ECFF2A /* 11.png in Resources */,
				090D16261B88699000ECFF2A /* lun.png in Resources */,
				090D160E1B88694900ECFF2A /* test1.png in Resources */,
				090D16131B88694900ECFF2A /* white in Resources */,
				090D16231B88694900ECFF2A /* 12.png in Resources */,
				090D16101B88694900ECFF2A /* blue in Resources */,
				090D16201B88694900ECFF2A /* 08.png in Resources */,
				090D161D1B88694900ECFF2A /* 10.png in Resources */,
				090D160F1B88694900ECFF2A /* test2.png in Resources */,
				090D16111B88694900ECFF2A /* green in Resources */,
				090D16171B88694900ECFF2A /* 13.png in Resources */,
				090D16121B88694900ECFF2A /* red in Resources */,
				090D161E1B88694900ECFF2A /* 06.png in Resources */,
				090D160D1B88694900ECFF2A /* test3.png in Resources */,
				090D16191B88694900ECFF2A /* 03.png in Resources */,
				090D16181B88694900ECFF2A /* 14.png in Resources */,
			);
			runOnlyForDeploymentPostprocessing = 0;
		};
		090D15A31B88323A00ECFF2A /* Resources */ = {
			isa = PBXResourcesBuildPhase;
			buildActionMask = 2147483647;
			files = (
			);
			runOnlyForDeploymentPostprocessing = 0;
		};
/* End PBXResourcesBuildPhase section */

/* Begin PBXSourcesBuildPhase section */
		090D15881B88323900ECFF2A /* Sources */ = {
			isa = PBXSourcesBuildPhase;
			buildActionMask = 2147483647;
			files = (
				090D15EF1B8868F500ECFF2A /* VKSamplePicture.m in Sources */,
				090D15981B88323900ECFF2A /* ViewController.m in Sources */,
				090D15951B88323900ECFF2A /* AppDelegate.m in Sources */,
				090D15921B88323900ECFF2A /* main.m in Sources */,
			);
			runOnlyForDeploymentPostprocessing = 0;
		};
		090D15A11B88323A00ECFF2A /* Sources */ = {
			isa = PBXSourcesBuildPhase;
			buildActionMask = 2147483647;
			files = (
				090D15AC1B88323A00ECFF2A /* PictureSampledTests.m in Sources */,
			);
			runOnlyForDeploymentPostprocessing = 0;
		};
/* End PBXSourcesBuildPhase section */

/* Begin PBXTargetDependency section */
		090D15A71B88323A00ECFF2A /* PBXTargetDependency */ = {
			isa = PBXTargetDependency;
			target = 090D158B1B88323900ECFF2A /* PictureSampled */;
			targetProxy = 090D15A61B88323A00ECFF2A /* PBXContainerItemProxy */;
		};
/* End PBXTargetDependency section */

/* Begin PBXVariantGroup section */
		090D15991B88323900ECFF2A /* Main.storyboard */ = {
			isa = PBXVariantGroup;
			children = (
				090D159A1B88323900ECFF2A /* Base */,
			);
			name = Main.storyboard;
			sourceTree = "<group>";
		};
		090D159E1B88323900ECFF2A /* LaunchScreen.xib */ = {
			isa = PBXVariantGroup;
			children = (
				090D159F1B88323900ECFF2A /* Base */,
			);
			name = LaunchScreen.xib;
			sourceTree = "<group>";
		};
/* End PBXVariantGroup section */

/* Begin XCBuildConfiguration section */
		090D15AD1B88323A00ECFF2A /* Debug */ = {
			isa = XCBuildConfiguration;
			buildSettings = {
				ALWAYS_SEARCH_USER_PATHS = NO;
				CLANG_CXX_LANGUAGE_STANDARD = "gnu++0x";
				CLANG_CXX_LIBRARY = "libc++";
				CLANG_ENABLE_MODULES = YES;
				CLANG_ENABLE_OBJC_ARC = YES;
				CLANG_WARN_BOOL_CONVERSION = YES;
				CLANG_WARN_CONSTANT_CONVERSION = YES;
				CLANG_WARN_DIRECT_OBJC_ISA_USAGE = YES_ERROR;
				CLANG_WARN_EMPTY_BODY = YES;
				CLANG_WARN_ENUM_CONVERSION = YES;
				CLANG_WARN_INT_CONVERSION = YES;
				CLANG_WARN_OBJC_ROOT_CLASS = YES_ERROR;
				CLANG_WARN_UNREACHABLE_CODE = YES;
				CLANG_WARN__DUPLICATE_METHOD_MATCH = YES;
				"CODE_SIGN_IDENTITY[sdk=iphoneos*]" = "iPhone Developer";
				COPY_PHASE_STRIP = NO;
				DEBUG_INFORMATION_FORMAT = "dwarf-with-dsym";
				ENABLE_STRICT_OBJC_MSGSEND = YES;
				GCC_C_LANGUAGE_STANDARD = gnu99;
				GCC_DYNAMIC_NO_PIC = NO;
				GCC_NO_COMMON_BLOCKS = YES;
				GCC_OPTIMIZATION_LEVEL = 0;
				GCC_PREPROCESSOR_DEFINITIONS = (
					"DEBUG=1",
					"$(inherited)",
				);
				GCC_SYMBOLS_PRIVATE_EXTERN = NO;
				GCC_WARN_64_TO_32_BIT_CONVERSION = YES;
				GCC_WARN_ABOUT_RETURN_TYPE = YES_ERROR;
				GCC_WARN_UNDECLARED_SELECTOR = YES;
				GCC_WARN_UNINITIALIZED_AUTOS = YES_AGGRESSIVE;
				GCC_WARN_UNUSED_FUNCTION = YES;
				GCC_WARN_UNUSED_VARIABLE = YES;
				IPHONEOS_DEPLOYMENT_TARGET = 8.4;
				MTL_ENABLE_DEBUG_INFO = YES;
				ONLY_ACTIVE_ARCH = YES;
				SDKROOT = iphoneos;
				TARGETED_DEVICE_FAMILY = "1,2";
			};
			name = Debug;
		};
		090D15AE1B88323A00ECFF2A /* Release */ = {
			isa = XCBuildConfiguration;
			buildSettings = {
				ALWAYS_SEARCH_USER_PATHS = NO;
				CLANG_CXX_LANGUAGE_STANDARD = "gnu++0x";
				CLANG_CXX_LIBRARY = "libc++";
				CLANG_ENABLE_MODULES = YES;
				CLANG_ENABLE_OBJC_ARC = YES;
				CLANG_WARN_BOOL_CONVERSION = YES;
				CLANG_WARN_CONSTANT_CONVERSION = YES;
				CLANG_WARN_DIRECT_OBJC_ISA_USAGE = YES_ERROR;
				CLANG_WARN_EMPTY_BODY = YES;
				CLANG_WARN_ENUM_CONVERSION = YES;
				CLANG_WARN_INT_CONVERSION = YES;
				CLANG_WARN_OBJC_ROOT_CLASS = YES_ERROR;
				CLANG_WARN_UNREACHABLE_CODE = YES;
				CLANG_WARN__DUPLICATE_METHOD_MATCH = YES;
				"CODE_SIGN_IDENTITY[sdk=iphoneos*]" = "iPhone Developer";
				COPY_PHASE_STRIP = NO;
				DEBUG_INFORMATION_FORMAT = "dwarf-with-dsym";
				ENABLE_NS_ASSERTIONS = NO;
				ENABLE_STRICT_OBJC_MSGSEND = YES;
				GCC_C_LANGUAGE_STANDARD = gnu99;
				GCC_NO_COMMON_BLOCKS = YES;
				GCC_WARN_64_TO_32_BIT_CONVERSION = YES;
				GCC_WARN_ABOUT_RETURN_TYPE = YES_ERROR;
				GCC_WARN_UNDECLARED_SELECTOR = YES;
				GCC_WARN_UNINITIALIZED_AUTOS = YES_AGGRESSIVE;
				GCC_WARN_UNUSED_FUNCTION = YES;
				GCC_WARN_UNUSED_VARIABLE = YES;
				IPHONEOS_DEPLOYMENT_TARGET = 8.4;
				MTL_ENABLE_DEBUG_INFO = NO;
				SDKROOT = iphoneos;
				TARGETED_DEVICE_FAMILY = "1,2";
				VALIDATE_PRODUCT = YES;
			};
			name = Release;
		};
		090D15B01B88323A00ECFF2A /* Debug */ = {
			isa = XCBuildConfiguration;
			buildSettings = {
				ASSETCATALOG_COMPILER_APPICON_NAME = AppIcon;
				INFOPLIST_FILE = PictureSampled/Info.plist;
				LD_RUNPATH_SEARCH_PATHS = "$(inherited) @executable_path/Frameworks";
				PRODUCT_NAME = "$(TARGET_NAME)";
			};
			name = Debug;
		};
		090D15B11B88323A00ECFF2A /* Release */ = {
			isa = XCBuildConfiguration;
			buildSettings = {
				ASSETCATALOG_COMPILER_APPICON_NAME = AppIcon;
				INFOPLIST_FILE = PictureSampled/Info.plist;
				LD_RUNPATH_SEARCH_PATHS = "$(inherited) @executable_path/Frameworks";
				PRODUCT_NAME = "$(TARGET_NAME)";
			};
			name = Release;
		};
		090D15B31B88323A00ECFF2A /* Debug */ = {
			isa = XCBuildConfiguration;
			buildSettings = {
				BUNDLE_LOADER = "$(TEST_HOST)";
				FRAMEWORK_SEARCH_PATHS = (
					"$(SDKROOT)/Developer/Library/Frameworks",
					"$(inherited)",
				);
				GCC_PREPROCESSOR_DEFINITIONS = (
					"DEBUG=1",
					"$(inherited)",
				);
				INFOPLIST_FILE = PictureSampledTests/Info.plist;
				LD_RUNPATH_SEARCH_PATHS = "$(inherited) @executable_path/Frameworks @loader_path/Frameworks";
				PRODUCT_NAME = "$(TARGET_NAME)";
				TEST_HOST = "$(BUILT_PRODUCTS_DIR)/PictureSampled.app/PictureSampled";
			};
			name = Debug;
		};
		090D15B41B88323A00ECFF2A /* Release */ = {
			isa = XCBuildConfiguration;
			buildSettings = {
				BUNDLE_LOADER = "$(TEST_HOST)";
				FRAMEWORK_SEARCH_PATHS = (
					"$(SDKROOT)/Developer/Library/Frameworks",
					"$(inherited)",
				);
				INFOPLIST_FILE = PictureSampledTests/Info.plist;
				LD_RUNPATH_SEARCH_PATHS = "$(inherited) @executable_path/Frameworks @loader_path/Frameworks";
				PRODUCT_NAME = "$(TARGET_NAME)";
				TEST_HOST = "$(BUILT_PRODUCTS_DIR)/PictureSampled.app/PictureSampled";
			};
			name = Release;
		};
/* End XCBuildConfiguration section */

/* Begin XCConfigurationList section */
		090D15871B88323900ECFF2A /* Build configuration list for PBXProject "PictureSampled" */ = {
			isa = XCConfigurationList;
			buildConfigurations = (
				090D15AD1B88323A00ECFF2A /* Debug */,
				090D15AE1B88323A00ECFF2A /* Release */,
			);
			defaultConfigurationIsVisible = 0;
			defaultConfigurationName = Release;
		};
		090D15AF1B88323A00ECFF2A /* Build configuration list for PBXNativeTarget "PictureSampled" */ = {
			isa = XCConfigurationList;
			buildConfigurations = (
				090D15B01B88323A00ECFF2A /* Debug */,
				090D15B11B88323A00ECFF2A /* Release */,
			);
			defaultConfigurationIsVisible = 0;
		};
		090D15B21B88323A00ECFF2A /* Build configuration list for PBXNativeTarget "PictureSampledTests" */ = {
			isa = XCConfigurationList;
			buildConfigurations = (
				090D15B31B88323A00ECFF2A /* Debug */,
				090D15B41B88323A00ECFF2A /* Release */,
			);
			defaultConfigurationIsVisible = 0;
		};
/* End XCConfigurationList section */
	};
	rootObject = 090D15841B88323900ECFF2A /* Project object */;
}
